
Microsoft Visual Studio Solution File, Format Version 12.00
# Visual Studio 2012
Project("{FAE04EC0-301F-11D3-BF4B-00C04F79EFBC}") = "NupkgLicenseTool", "NugetPackageManager\NupkgLicenseTool.csproj", "{AF6EFD46-02B3-411E-8228-4E963F57A241}"
EndProject
Project("{FAE04EC0-301F-11D3-BF4B-00C04F79EFBC}") = "NupkgInformationExtractor", "NupkgInformationExtractor\NupkgInformationExtractor.csproj", "{0D0D3CDF-CD05-4FFA-BB0D-E809688F17D5}"
EndProject
Global
	GlobalSection(SolutionConfigurationPlatforms) = preSolution
		Debug|Any CPU = Debug|Any CPU
		Release|Any CPU = Release|Any CPU
	EndGlobalSection
	GlobalSection(ProjectConfigurationPlatforms) = postSolution
		{AF6EFD46-02B3-411E-8228-4E963F57A241}.Debug|Any CPU.ActiveCfg = Debug|Any CPU
		{AF6EFD46-02B3-411E-8228-4E963F57A241}.Debug|Any CPU.Build.0 = Debug|Any CPU
		{AF6EFD46-02B3-411E-8228-4E963F57A241}.Release|Any CPU.ActiveCfg = Release|Any CPU
		{AF6EFD46-02B3-411E-8228-4E963F57A241}.Release|Any CPU.Build.0 = Release|Any CPU
		{0D0D3CDF-CD05-4FFA-BB0D-E809688F17D5}.Debug|Any CPU.ActiveCfg = Debug|Any CPU
		{0D0D3CDF-CD05-4FFA-BB0D-E809688F17D5}.Debug|Any CPU.Build.0 = Debug|Any CPU
		{0D0D3CDF-CD05-4FFA-BB0D-E809688F17D5}.Release|Any CPU.ActiveCfg = Release|Any CPU
		{0D0D3CDF-CD05-4FFA-BB0D-E809688F17D5}.Release|Any CPU.Build.0 = Release|Any CPU
	EndGlobalSection
EndGlobal
